schema: '2.0'
stages:
  prepare:
    cmd: python -m src.ml_project.pipeline prepare
    deps:
    - path: data/raw/online_shoppers_intention.csv
      hash: md5
      md5: cc6ec1db03b4f10f8de52c56ff48b085
      size: 1072063
    - path: src/ml_project/config.py
      hash: md5
      md5: f704c79df968f69d54e628be76381102
      size: 3271
    - path: src/ml_project/dataset.py
      hash: md5
      md5: dcb01a4e7606d3bb2747e02a2c25b9d4
      size: 1315
    - path: src/ml_project/features.py
      hash: md5
      md5: f7d2585ead4c79c41ba42b59558c161e
      size: 2676
    - path: src/ml_project/pipeline.py
      hash: md5
      md5: 7c8b2c71cde6cf2add4a919e3067b185
      size: 1813
    - path: src/ml_project/preprocessing.py
      hash: md5
      md5: 821c4df61dc27ef3785b020e31c82e06
      size: 9200
    outs:
    - path: data/interim/online_shoppers_clean.csv
      hash: md5
      md5: aad39ccafa885f5c4fb248f78c31ee11
      size: 1159694
    - path: data/processed/online_shoppers_metadata.json
      hash: md5
      md5: 7f3acac1f35925188b1d89cef5a5d1df
      size: 5441
    - path: data/processed/online_shoppers_processed.npz
      hash: md5
      md5: dc4cc02d51b9ded48a03f2837b65d0c6
      size: 12561890
    - path: data/processed/preprocessor.joblib
      hash: md5
      md5: fc1619f2cb5a5916a6892fc8a42ebcf3
      size: 4700
  train:
    cmd: python -m src.ml_project.modeling.train
    deps:
    - path: data/processed/online_shoppers_metadata.json
      hash: md5
      md5: 7f3acac1f35925188b1d89cef5a5d1df
      size: 5441
    - path: data/processed/online_shoppers_processed.npz
      hash: md5
      md5: dc4cc02d51b9ded48a03f2837b65d0c6
      size: 12561890
    - path: src/ml_project/config.py
      hash: md5
      md5: f704c79df968f69d54e628be76381102
      size: 3271
    - path: src/ml_project/model_registry.py
      hash: md5
      md5: fc9b152678f8f1f4ef858cfaab777fef
      size: 17239
    - path: src/ml_project/modeling/train.py
      hash: md5
      md5: ebdbf30cf1f4691d150ea15373c93421
      size: 23605
    outs:
    - path: models/feature_names.json
      hash: md5
      md5: 5240cf1b3a3bc6e7d4d2bfb5e9c411bd
      size: 3915
    - path: models/model.joblib
      hash: md5
      md5: 87a8f92a9446cfda6c4d84bac1566c43
      size: 8658233
    - path: models/model_metadata.json
      hash: md5
      md5: d05038d5bbfc62f99e4fab102ecc26a1
      size: 8502
    - path: models/model_registry.json
      hash: md5
      md5: 840e0be381cc6d5e23f98688c9dc030b
      size: 933
    - path: models/model_registry_events.json
      hash: md5
      md5: 6a70b36167f5bd6d38492ef7b45e5134
      size: 571
    - path: models/preprocessor.joblib
      hash: md5
      md5: 11c6f506e63f8c172b23c89eeaf6eb21
      size: 4830
    - path: models/version_info.json
      hash: md5
      md5: 066ee660b2e9cdb44847d37ab79d0908
      size: 1930
